
Microsoft Visual Studio Solution File, Format Version 12.00
# Visual Studio Version 17
VisualStudioVersion = 17.8.34330.188
MinimumVisualStudioVersion = 10.0.40219.1
Project("{FAE04EC0-301F-11D3-BF4B-00C04F79EFBC}") = "ProductosAPI", "ProductosAPI.csproj", "{D218EB9C-6494-4335-8EBE-8A7E867DEF41}"
EndProject
Global
	GlobalSection(SolutionConfigurationPlatforms) = preSolution
		Debug|Any CPU = Debug|Any CPU
		Release|Any CPU = Release|Any CPU
	EndGlobalSection
	GlobalSection(ProjectConfigurationPlatforms) = postSolution
		{D218EB9C-6494-4335-8EBE-8A7E867DEF41}.Debug|Any CPU.ActiveCfg = Debug|Any CPU
		{D218EB9C-6494-4335-8EBE-8A7E867DEF41}.Debug|Any CPU.Build.0 = Debug|Any CPU
		{D218EB9C-6494-4335-8EBE-8A7E867DEF41}.Release|Any CPU.ActiveCfg = Release|Any CPU
		{D218EB9C-6494-4335-8EBE-8A7E867DEF41}.Release|Any CPU.Build.0 = Release|Any CPU
	EndGlobalSection
	GlobalSection(SolutionProperties) = preSolution
		HideSolutionNode = FALSE
	EndGlobalSection
	GlobalSection(ExtensibilityGlobals) = postSolution
		SolutionGuid = {03F03C80-868C-4A5D-8B63-A92EBE198CA9}
	EndGlobalSection
EndGlobal
